{
  "name": "weatherApp",
  "lockfileVersion": 2,
  "requires": true,
  "packages": {
    "": {
      "dependencies": {
        "@mdi/js": "^7.1.96",
        "ajax": "^0.0.4",
        "bootstrap": "^3.4.1",
        "geo2zip": "^4.0.1",
        "latlng-to-zip": "^0.0.2"
      }
    },
    "node_modules/@mdi/js": {
      "version": "7.1.96",
      "resolved": "https://registry.npmjs.org/@mdi/js/-/js-7.1.96.tgz",
      "integrity": "sha512-wlrJs6Ryhaa5CqhK3FjTfMRnb/s7HeLkKMFqwQySkK86cdN1TGdzpSM3O4tsmzCA1dYBeTbXvOwSE/Y42cUrvA=="
    },
    "node_modules/ajax": {
      "version": "0.0.4",
      "resolved": "https://registry.npmjs.org/ajax/-/ajax-0.0.4.tgz",
      "integrity": "sha512-IEgdnz67DKuv2i8AnytAYtD+sGNTpSlXcwQsZbKWVqdC/O7cuXN0GfwCuhi19fyhpD0Gl22T5amxd2unqj0FAQ==",
      "dependencies": {
        "underscore": ""
      },
      "engines": {
        "node": ">=0.4.0"
      }
    },
    "node_modules/axios": {
      "version": "0.15.3",
      "resolved": "https://registry.npmjs.org/axios/-/axios-0.15.3.tgz",
      "integrity": "sha512-w3/VNaraEcDri16lbemQWQGKfaFk9O0IZkzKlLeF5r6WWDv9TkcXkP+MWkRK8FbxwfozY/liI+qtvhV295t3HQ==",
      "deprecated": "Critical security vulnerability fixed in v0.21.1. For more information, see https://github.com/axios/axios/pull/3410",
      "dependencies": {
        "follow-redirects": "1.0.0"
      }
    },
    "node_modules/bootstrap": {
      "version": "3.4.1",
      "resolved": "https://registry.npmjs.org/bootstrap/-/bootstrap-3.4.1.tgz",
      "integrity": "sha512-yN5oZVmRCwe5aKwzRj6736nSmKDX7pLYwsXiCj/EYmo16hODaBiT4En5btW/jhBF/seV+XMx3aYwukYC3A49DA==",
      "engines": {
        "node": ">=6"
      }
    },
    "node_modules/debug": {
      "version": "2.6.9",
      "resolved": "https://registry.npmjs.org/debug/-/debug-2.6.9.tgz",
      "integrity": "sha512-bC7ElrdJaJnPbAP+1EotYvqZsb3ecl5wi6Bfi6BJTUcNowp6cvspg0jXznRTKDjm/E7AdgFBVeAPVMNcKGsHMA==",
      "dependencies": {
        "ms": "2.0.0"
      }
    },
    "node_modules/follow-redirects": {
      "version": "1.0.0",
      "resolved": "https://registry.npmjs.org/follow-redirects/-/follow-redirects-1.0.0.tgz",
      "integrity": "sha512-7s+wBk4z5xTwVJuozRBAyRofWKjD3uG2CUjZfZTrw9f+f+z8ZSxOjAqfIDLtc0Hnz+wGK2Y8qd93nGGjXBYKsQ==",
      "dependencies": {
        "debug": "^2.2.0"
      }
    },
    "node_modules/geo2zip": {
      "version": "4.0.1",
      "resolved": "https://registry.npmjs.org/geo2zip/-/geo2zip-4.0.1.tgz",
      "integrity": "sha512-DDAujjlKgZE3LIXIUXqvcPpFwkyMcKkBz/4dTJkYGtkQQjVbCRLKMBGsLFesW9WyV7V+y5ixDuw70+xN6c1Eeg==",
      "dependencies": {
        "sphere-knn": "^1.4.0",
        "standardize-geolocation": "^4.0.1",
        "us-zips": "2022.09.xx"
      },
      "engines": {
        "node": ">=8.6.0"
      }
    },
    "node_modules/latlng-to-zip": {
      "version": "0.0.2",
      "resolved": "https://registry.npmjs.org/latlng-to-zip/-/latlng-to-zip-0.0.2.tgz",
      "integrity": "sha512-V950GNBVVkIWw8gzvM3L+OSXE8ygnAvjjZwSajaTczGAd1RiZVi3As5wgM0RlwGEXsYuNRRkWcRqKcriR0B88Q==",
      "dependencies": {
        "axios": "^0.15.3"
      }
    },
    "node_modules/ms": {
      "version": "2.0.0",
      "resolved": "https://registry.npmjs.org/ms/-/ms-2.0.0.tgz",
      "integrity": "sha512-Tpp60P6IUJDTuOq/5Z8cdskzJujfwqfOTkrwIwj7IRISpnkJnT6SyJ4PCPnGMoFjC9ddhal5KVIYtAt97ix05A=="
    },
    "node_modules/sphere-knn": {
      "version": "1.4.0",
      "resolved": "https://registry.npmjs.org/sphere-knn/-/sphere-knn-1.4.0.tgz",
      "integrity": "sha512-sFdsABoSClBxz3DzO2yvHwbbV4zIRvgrIeC1qqWPYzKMtT26xCF/r5xG9Sj7iLFG9GJIt1WnT6VpYaQeRvIzPA==",
      "engines": {
        "node": ">=6.0.0"
      }
    },
    "node_modules/standardize-geolocation": {
      "version": "4.0.1",
      "resolved": "https://registry.npmjs.org/standardize-geolocation/-/standardize-geolocation-4.0.1.tgz",
      "integrity": "sha512-McYDKhwSltj03rUkHzCJJOL1WoXZ4IOKezrEWrsvfwc/306XJiFAsmh2/tcpBWDjxwzJAWkAWbZ6em22jG/cqQ==",
      "engines": {
        "node": ">=4.0.0"
      }
    },
    "node_modules/underscore": {
      "version": "1.13.6",
      "resolved": "https://registry.npmjs.org/underscore/-/underscore-1.13.6.tgz",
      "integrity": "sha512-+A5Sja4HP1M08MaXya7p5LvjuM7K6q/2EaC0+iovj/wOcMsTzMvDFbasi/oSapiwOlt252IqsKqPjCl7huKS0A=="
    },
    "node_modules/us-zips": {
      "version": "2022.9.1",
      "resolved": "https://registry.npmjs.org/us-zips/-/us-zips-2022.9.1.tgz",
      "integrity": "sha512-qNDrhhVpvUEln+/sAbt+zYSYbByXDfcJQrSfnt5iSH7nb+/sLtWa3/Gj17KqRXjBTcD46C+59m+VigGaoUshLA==",
      "engines": {
        "node": ">=6"
      }
    }
  },
  "dependencies": {
    "@mdi/js": {
      "version": "7.1.96",
      "resolved": "https://registry.npmjs.org/@mdi/js/-/js-7.1.96.tgz",
      "integrity": "sha512-wlrJs6Ryhaa5CqhK3FjTfMRnb/s7HeLkKMFqwQySkK86cdN1TGdzpSM3O4tsmzCA1dYBeTbXvOwSE/Y42cUrvA=="
    },
    "ajax": {
      "version": "0.0.4",
      "resolved": "https://registry.npmjs.org/ajax/-/ajax-0.0.4.tgz",
      "integrity": "sha512-IEgdnz67DKuv2i8AnytAYtD+sGNTpSlXcwQsZbKWVqdC/O7cuXN0GfwCuhi19fyhpD0Gl22T5amxd2unqj0FAQ==",
      "requires": {
        "underscore": ""
      }
    },
    "axios": {
      "version": "0.15.3",
      "resolved": "https://registry.npmjs.org/axios/-/axios-0.15.3.tgz",
      "integrity": "sha512-w3/VNaraEcDri16lbemQWQGKfaFk9O0IZkzKlLeF5r6WWDv9TkcXkP+MWkRK8FbxwfozY/liI+qtvhV295t3HQ==",
      "requires": {
        "follow-redirects": "1.0.0"
      }
    },
    "bootstrap": {
      "version": "3.4.1",
      "resolved": "https://registry.npmjs.org/bootstrap/-/bootstrap-3.4.1.tgz",
      "integrity": "sha512-yN5oZVmRCwe5aKwzRj6736nSmKDX7pLYwsXiCj/EYmo16hODaBiT4En5btW/jhBF/seV+XMx3aYwukYC3A49DA=="
    },
    "debug": {
      "version": "2.6.9",
      "resolved": "https://registry.npmjs.org/debug/-/debug-2.6.9.tgz",
      "integrity": "sha512-bC7ElrdJaJnPbAP+1EotYvqZsb3ecl5wi6Bfi6BJTUcNowp6cvspg0jXznRTKDjm/E7AdgFBVeAPVMNcKGsHMA==",
      "requires": {
        "ms": "2.0.0"
      }
    },
    "follow-redirects": {
      "version": "1.0.0",
      "resolved": "https://registry.npmjs.org/follow-redirects/-/follow-redirects-1.0.0.tgz",
      "integrity": "sha512-7s+wBk4z5xTwVJuozRBAyRofWKjD3uG2CUjZfZTrw9f+f+z8ZSxOjAqfIDLtc0Hnz+wGK2Y8qd93nGGjXBYKsQ==",
      "requires": {
        "debug": "^2.2.0"
      }
    },
    "geo2zip": {
      "version": "4.0.1",
      "resolved": "https://registry.npmjs.org/geo2zip/-/geo2zip-4.0.1.tgz",
      "integrity": "sha512-DDAujjlKgZE3LIXIUXqvcPpFwkyMcKkBz/4dTJkYGtkQQjVbCRLKMBGsLFesW9WyV7V+y5ixDuw70+xN6c1Eeg==",
      "requires": {
        "sphere-knn": "^1.4.0",
        "standardize-geolocation": "^4.0.1",
        "us-zips": "2022.09.xx"
      }
    },
    "latlng-to-zip": {
      "version": "0.0.2",
      "resolved": "https://registry.npmjs.org/latlng-to-zip/-/latlng-to-zip-0.0.2.tgz",
      "integrity": "sha512-V950GNBVVkIWw8gzvM3L+OSXE8ygnAvjjZwSajaTczGAd1RiZVi3As5wgM0RlwGEXsYuNRRkWcRqKcriR0B88Q==",
      "requires": {
        "axios": "^0.15.3"
      }
    },
    "ms": {
      "version": "2.0.0",
      "resolved": "https://registry.npmjs.org/ms/-/ms-2.0.0.tgz",
      "integrity": "sha512-Tpp60P6IUJDTuOq/5Z8cdskzJujfwqfOTkrwIwj7IRISpnkJnT6SyJ4PCPnGMoFjC9ddhal5KVIYtAt97ix05A=="
    },
    "sphere-knn": {
      "version": "1.4.0",
      "resolved": "https://registry.npmjs.org/sphere-knn/-/sphere-knn-1.4.0.tgz",
      "integrity": "sha512-sFdsABoSClBxz3DzO2yvHwbbV4zIRvgrIeC1qqWPYzKMtT26xCF/r5xG9Sj7iLFG9GJIt1WnT6VpYaQeRvIzPA=="
    },
    "standardize-geolocation": {
      "version": "4.0.1",
      "resolved": "https://registry.npmjs.org/standardize-geolocation/-/standardize-geolocation-4.0.1.tgz",
      "integrity": "sha512-McYDKhwSltj03rUkHzCJJOL1WoXZ4IOKezrEWrsvfwc/306XJiFAsmh2/tcpBWDjxwzJAWkAWbZ6em22jG/cqQ=="
    },
    "underscore": {
      "version": "1.13.6",
      "resolved": "https://registry.npmjs.org/underscore/-/underscore-1.13.6.tgz",
      "integrity": "sha512-+A5Sja4HP1M08MaXya7p5LvjuM7K6q/2EaC0+iovj/wOcMsTzMvDFbasi/oSapiwOlt252IqsKqPjCl7huKS0A=="
    },
    "us-zips": {
      "version": "2022.9.1",
      "resolved": "https://registry.npmjs.org/us-zips/-/us-zips-2022.9.1.tgz",
      "integrity": "sha512-qNDrhhVpvUEln+/sAbt+zYSYbByXDfcJQrSfnt5iSH7nb+/sLtWa3/Gj17KqRXjBTcD46C+59m+VigGaoUshLA=="
    }
  }
}
